<?xml version="1.0" encoding="utf-8"?>
<Project ToolsVersion="4.0" xmlns="http://schemas.microsoft.com/developer/msbuild/2003">
  <ItemGroup>
    <ClCompile Include="src\Game\Game.cpp" />
    <ClCompile Include="src\AsteroidView.cpp" />
    <ClCompile Include="src\ShipHandler.cpp" />
    <ClCompile Include="src\stdafx.cpp" />
    <ClCompile Include="src\Game\Elements\Asteroid.cpp">
      <Filter>GameElements</Filter>
    </ClCompile>
    <ClCompile Include="src\Game\Elements\AsteroidGameElement.cpp">
      <Filter>GameElements</Filter>
    </ClCompile>
    <ClCompile Include="src\Game\Elements\Bullet.cpp">
      <Filter>GameElements</Filter>
    </ClCompile>
    <ClCompile Include="src\Game\Elements\Ship.cpp">
      <Filter>GameElements</Filter>
    </ClCompile>
    <ClCompile Include="src\Game\GameFlowStateMachine.cpp">
      <Filter>State</Filter>
    </ClCompile>
    <ClCompile Include="src\Game\GameFlowStates.cpp">
      <Filter>State</Filter>
    </ClCompile>
    <ClCompile Include="src\cAsteroidControls.cpp" />
  </ItemGroup>
  <ItemGroup>
    <ClInclude Include="src\enums.h" />
    <ClInclude Include="src\Game\Game.h" />
    <ClInclude Include="src\Game\Game.hxx" />
    <ClInclude Include="src\AsteroidView.h" />
    <ClInclude Include="src\GameDefines.h" />
    <ClInclude Include="src\ShipHandler.h" />
    <ClInclude Include="src\stdafx.h" />
    <ClInclude Include="src\Game\Elements\AsteroidGameElement.h">
      <Filter>GameElements</Filter>
    </ClInclude>
    <ClInclude Include="src\Game\Elements\Asteroid.h">
      <Filter>GameElements</Filter>
    </ClInclude>
    <ClInclude Include="src\Game\Elements\Bullet.h">
      <Filter>GameElements</Filter>
    </ClInclude>
    <ClInclude Include="src\Game\Elements\Ship.h">
      <Filter>GameElements</Filter>
    </ClInclude>
    <ClInclude Include="src\Game\GameFlowStates.h">
      <Filter>State</Filter>
    </ClInclude>
    <ClInclude Include="src\Game\GameFlowStateMachine.h">
      <Filter>State</Filter>
    </ClInclude>
    <ClInclude Include="src\Messages.h">
      <Filter>State</Filter>
    </ClInclude>
    <ClInclude Include="src\cAsteroidControls.h" />
  </ItemGroup>
  <ItemGroup>
    <Filter Include="GameElements">
      <UniqueIdentifier>{dd682fb2-76a4-4802-9680-3dd95cfae211}</UniqueIdentifier>
    </Filter>
    <Filter Include="State">
      <UniqueIdentifier>{fca4a1fe-2e24-45e6-ac50-43f7e3583516}</UniqueIdentifier>
    </Filter>
  </ItemGroup>
</Project>